
Microsoft Visual Studio Solution File, Format Version 12.00
# Visual Studio 14
VisualStudioVersion = 14.0.25420.1
MinimumVisualStudioVersion = 10.0.40219.1
Project("{00D1A9C2-B5F0-4AF3-8072-F6C62B433612}") = "DiabookDb", "..\..\db\DiabookDb\DiabookDb.sqlproj", "{19EDD2AE-E819-43E3-9ECD-91170BE5AAEF}"
EndProject
Project("{FAE04EC0-301F-11D3-BF4B-00C04F79EFBC}") = "Diabook", "..\..\src\apps\Diabook\Diabook.csproj", "{A26F00BE-3BA3-47F8-B713-1BBF6C608AE8}"
EndProject
Global
	GlobalSection(SolutionConfigurationPlatforms) = preSolution
		Debug|Any CPU = Debug|Any CPU
		Release|Any CPU = Release|Any CPU
	EndGlobalSection
	GlobalSection(ProjectConfigurationPlatforms) = postSolution
		{19EDD2AE-E819-43E3-9ECD-91170BE5AAEF}.Debug|Any CPU.ActiveCfg = Debug|Any CPU
		{19EDD2AE-E819-43E3-9ECD-91170BE5AAEF}.Debug|Any CPU.Build.0 = Debug|Any CPU
		{19EDD2AE-E819-43E3-9ECD-91170BE5AAEF}.Debug|Any CPU.Deploy.0 = Debug|Any CPU
		{19EDD2AE-E819-43E3-9ECD-91170BE5AAEF}.Release|Any CPU.ActiveCfg = Release|Any CPU
		{19EDD2AE-E819-43E3-9ECD-91170BE5AAEF}.Release|Any CPU.Build.0 = Release|Any CPU
		{19EDD2AE-E819-43E3-9ECD-91170BE5AAEF}.Release|Any CPU.Deploy.0 = Release|Any CPU
		{A26F00BE-3BA3-47F8-B713-1BBF6C608AE8}.Debug|Any CPU.ActiveCfg = Debug|Any CPU
		{A26F00BE-3BA3-47F8-B713-1BBF6C608AE8}.Debug|Any CPU.Build.0 = Debug|Any CPU
		{A26F00BE-3BA3-47F8-B713-1BBF6C608AE8}.Release|Any CPU.ActiveCfg = Release|Any CPU
		{A26F00BE-3BA3-47F8-B713-1BBF6C608AE8}.Release|Any CPU.Build.0 = Release|Any CPU
	EndGlobalSection
	GlobalSection(SolutionProperties) = preSolution
		HideSolutionNode = FALSE
	EndGlobalSection
EndGlobal
